
Microsoft Visual Studio Solution File, Format Version 12.00
# Visual Studio 2013
VisualStudioVersion = 12.0.31101.0
MinimumVisualStudioVersion = 10.0.40219.1
Project("{FAE04EC0-301F-11D3-BF4B-00C04F79EFBC}") = "Mojj_novyjj_proekt_20191206.Objects", "Objects\Mojj_novyjj_proekt_20191206.Objects.csproj", "{989002AA-F0C9-4B7E-9BC0-77D42C5BF110}"
EndProject
Project("{FAE04EC0-301F-11D3-BF4B-00C04F79EFBC}") = "Mojj_novyjj_proekt_20191206.ODataBackend", "ODataBackend\Mojj_novyjj_proekt_20191206.ODataBackend.csproj", "{3741F27C-256A-4EC9-B704-1E4F51F935B0}"
EndProject
Global
	GlobalSection(SolutionConfigurationPlatforms) = preSolution
Debug|Any CPU = Debug|Any CPU
Release|Any CPU = Release|Any CPU
	EndGlobalSection
	GlobalSection(ProjectConfigurationPlatforms) = postSolution
		{989002AA-F0C9-4B7E-9BC0-77D42C5BF110}.Debug|Any CPU.ActiveCfg = Debug|Any CPU
		{989002AA-F0C9-4B7E-9BC0-77D42C5BF110}.Debug|Any CPU.Build.0 = Debug|Any CPU
		{989002AA-F0C9-4B7E-9BC0-77D42C5BF110}.Release|Any CPU.ActiveCfg = Release|Any CPU
		{989002AA-F0C9-4B7E-9BC0-77D42C5BF110}.Release|Any CPU.Build.0 = Release|Any CPU
		{3741F27C-256A-4EC9-B704-1E4F51F935B0}.Debug|Any CPU.ActiveCfg = Debug|Any CPU
		{3741F27C-256A-4EC9-B704-1E4F51F935B0}.Debug|Any CPU.Build.0 = Debug|Any CPU
		{3741F27C-256A-4EC9-B704-1E4F51F935B0}.Release|Any CPU.ActiveCfg = Release|Any CPU
		{3741F27C-256A-4EC9-B704-1E4F51F935B0}.Release|Any CPU.Build.0 = Release|Any CPU
	EndGlobalSection
	GlobalSection(SolutionProperties) = preSolution
		HideSolutionNode = FALSE
	EndGlobalSection
EndGlobal
